// !$*UTF8*$!
{
	archiveVersion = 1;
	classes = {
	};
	objectVersion = 46;
	objects = {

/* Begin PBXBuildFile section */
		AE23CB331E77A79900A808F5 /* main.m in Sources */ = {isa = PBXBuildFile; fileRef = AE23CB321E77A79900A808F5 /* main.m */; };
		AE23CB361E77A79900A808F5 /* AppDelegate.m in Sources */ = {isa = PBXBuildFile; fileRef = AE23CB351E77A79900A808F5 /* AppDelegate.m */; };
		AE23CB3E1E77A79900A808F5 /* GameViewController.m in Sources */ = {isa = PBXBuildFile; fileRef = AE23CB3D1E77A79900A808F5 /* GameViewController.m */; };
		AE23CB411E77A79900A808F5 /* Main.storyboard in Resources */ = {isa = PBXBuildFile; fileRef = AE23CB3F1E77A79900A808F5 /* Main.storyboard */; };
		AE23CB431E77A79900A808F5 /* Assets.xcassets in Resources */ = {isa = PBXBuildFile; fileRef = AE23CB421E77A79900A808F5 /* Assets.xcassets */; };
		AE23CB461E77A79900A808F5 /* LaunchScreen.storyboard in Resources */ = {isa = PBXBuildFile; fileRef = AE23CB441E77A79900A808F5 /* LaunchScreen.storyboard */; };
		AE23CB4F1E77A7C400A808F5 /* GameScene.m in Sources */ = {isa = PBXBuildFile; fileRef = AE23CB4E1E77A7C400A808F5 /* GameScene.m */; };
		AE23CB511E77A80400A808F5 /* bg.jpg in Resources */ = {isa = PBXBuildFile; fileRef = AE23CB501E77A80400A808F5 /* bg.jpg */; };
		AE23CB531E77A80700A808F5 /* plane.png in Resources */ = {isa = PBXBuildFile; fileRef = AE23CB521E77A80700A808F5 /* plane.png */; };
/* End PBXBuildFile section */

/* Begin PBXFileReference section */
		AE23CB2E1E77A79900A808F5 /* SKAction-03.app */ = {isa = PBXFileReference; explicitFileType = wrapper.application; includeInIndex = 0; path = "SKAction-03.app"; sourceTree = BUILT_PRODUCTS_DIR; };
		AE23CB321E77A79900A808F5 /* main.m */ = {isa = PBXFileReference; lastKnownFileType = sourcecode.c.objc; path = main.m; sourceTree = "<group>"; };
		AE23CB341E77A79900A808F5 /* AppDelegate.h */ = {isa = PBXFileReference; lastKnownFileType = sourcecode.c.h; path = AppDelegate.h; sourceTree = "<group>"; };
		AE23CB351E77A79900A808F5 /* AppDelegate.m */ = {isa = PBXFileReference; lastKnownFileType = sourcecode.c.objc; path = AppDelegate.m; sourceTree = "<group>"; };
		AE23CB3C1E77A79900A808F5 /* GameViewController.h */ = {isa = PBXFileReference; lastKnownFileType = sourcecode.c.h; path = GameViewController.h; sourceTree = "<group>"; };
		AE23CB3D1E77A79900A808F5 /* GameViewController.m */ = {isa = PBXFileReference; lastKnownFileType = sourcecode.c.objc; path = GameViewController.m; sourceTree = "<group>"; };
		AE23CB401E77A79900A808F5 /* Base */ = {isa = PBXFileReference; lastKnownFileType = file.storyboard; name = Base; path = Base.lproj/Main.storyboard; sourceTree = "<group>"; };
		AE23CB421E77A79900A808F5 /* Assets.xcassets */ = {isa = PBXFileReference; lastKnownFileType = folder.assetcatalog; path = Assets.xcassets; sourceTree = "<group>"; };
		AE23CB451E77A79900A808F5 /* Base */ = {isa = PBXFileReference; lastKnownFileType = file.storyboard; name = Base; path = Base.lproj/LaunchScreen.storyboard; sourceTree = "<group>"; };
		AE23CB471E77A79A00A808F5 /* Info.plist */ = {isa = PBXFileReference; lastKnownFileType = text.plist.xml; path = Info.plist; sourceTree = "<group>"; };
		AE23CB4D1E77A7C400A808F5 /* GameScene.h */ = {isa = PBXFileReference; fileEncoding = 4; lastKnownFileType = sourcecode.c.h; name = GameScene.h; path = "../../SKAction-02/SKAction-02/GameScene.h"; sourceTree = "<group>"; };
		AE23CB4E1E77A7C400A808F5 /* GameScene.m */ = {isa = PBXFileReference; fileEncoding = 4; lastKnownFileType = sourcecode.c.objc; name = GameScene.m; path = "../../SKAction-02/SKAction-02/GameScene.m"; sourceTree = "<group>"; };
		AE23CB501E77A80400A808F5 /* bg.jpg */ = {isa = PBXFileReference; lastKnownFileType = image.jpeg; name = bg.jpg; path = "../../SKAction-02/SKAction-02/bg.jpg"; sourceTree = "<group>"; };
		AE23CB521E77A80700A808F5 /* plane.png */ = {isa = PBXFileReference; lastKnownFileType = image.png; name = plane.png; path = "../../SKAction-02/SKAction-02/plane.png"; sourceTree = "<group>"; };
/* End PBXFileReference section */

/* Begin PBXFrameworksBuildPhase section */
		AE23CB2B1E77A79900A808F5 /* Frameworks */ = {
			isa = PBXFrameworksBuildPhase;
			buildActionMask = 2147483647;
			files = (
			);
			runOnlyForDeploymentPostprocessing = 0;
		};
/* End PBXFrameworksBuildPhase section */

/* Begin PBXGroup section */
		AE23CB251E77A79900A808F5 = {
			isa = PBXGroup;
			children = (
				AE23CB301E77A79900A808F5 /* SKAction-03 */,
				AE23CB2F1E77A79900A808F5 /* Products */,
			);
			sourceTree = "<group>";
		};
		AE23CB2F1E77A79900A808F5 /* Products */ = {
			isa = PBXGroup;
			children = (
				AE23CB2E1E77A79900A808F5 /* SKAction-03.app */,
			);
			name = Products;
			sourceTree = "<group>";
		};
		AE23CB301E77A79900A808F5 /* SKAction-03 */ = {
			isa = PBXGroup;
			children = (
				AE23CB521E77A80700A808F5 /* plane.png */,
				AE23CB501E77A80400A808F5 /* bg.jpg */,
				AE23CB4D1E77A7C400A808F5 /* GameScene.h */,
				AE23CB4E1E77A7C400A808F5 /* GameScene.m */,
				AE23CB341E77A79900A808F5 /* AppDelegate.h */,
				AE23CB351E77A79900A808F5 /* AppDelegate.m */,
				AE23CB3C1E77A79900A808F5 /* GameViewController.h */,
				AE23CB3D1E77A79900A808F5 /* GameViewController.m */,
				AE23CB3F1E77A79900A808F5 /* Main.storyboard */,
				AE23CB421E77A79900A808F5 /* Assets.xcassets */,
				AE23CB441E77A79900A808F5 /* LaunchScreen.storyboard */,
				AE23CB471E77A79A00A808F5 /* Info.plist */,
				AE23CB311E77A79900A808F5 /* Supporting Files */,
			);
			path = "SKAction-03";
			sourceTree = "<group>";
		};
		AE23CB311E77A79900A808F5 /* Supporting Files */ = {
			isa = PBXGroup;
			children = (
				AE23CB321E77A79900A808F5 /* main.m */,
			);
			name = "Supporting Files";
			sourceTree = "<group>";
		};
/* End PBXGroup section */

/* Begin PBXNativeTarget section */
		AE23CB2D1E77A79900A808F5 /* SKAction-03 */ = {
			isa = PBXNativeTarget;
			buildConfigurationList = AE23CB4A1E77A79A00A808F5 /* Build configuration list for PBXNativeTarget "SKAction-03" */;
			buildPhases = (
				AE23CB2A1E77A79900A808F5 /* Sources */,
				AE23CB2B1E77A79900A808F5 /* Frameworks */,
				AE23CB2C1E77A79900A808F5 /* Resources */,
			);
			buildRules = (
			);
			dependencies = (
			);
			name = "SKAction-03";
			productName = "SKAction-03";
			productReference = AE23CB2E1E77A79900A808F5 /* SKAction-03.app */;
			productType = "com.apple.product-type.application";
		};
/* End PBXNativeTarget section */

/* Begin PBXProject section */
		AE23CB261E77A79900A808F5 /* Project object */ = {
			isa = PBXProject;
			attributes = {
				LastUpgradeCheck = 0730;
				ORGANIZATIONNAME = "安徽商贸职业技术学院";
				TargetAttributes = {
					AE23CB2D1E77A79900A808F5 = {
						CreatedOnToolsVersion = 7.3.1;
					};
				};
			};
			buildConfigurationList = AE23CB291E77A79900A808F5 /* Build configuration list for PBXProject "SKAction-03" */;
			compatibilityVersion = "Xcode 3.2";
			developmentRegion = English;
			hasScannedForEncodings = 0;
			knownRegions = (
				en,
				Base,
			);
			mainGroup = AE23CB251E77A79900A808F5;
			productRefGroup = AE23CB2F1E77A79900A808F5 /* Products */;
			projectDirPath = "";
			projectRoot = "";
			targets = (
				AE23CB2D1E77A79900A808F5 /* SKAction-03 */,
			);
		};
/* End PBXProject section */

/* Begin PBXResourcesBuildPhase section */
		AE23CB2C1E77A79900A808F5 /* Resources */ = {
			isa = PBXResourcesBuildPhase;
			buildActionMask = 2147483647;
			files = (
				AE23CB461E77A79900A808F5 /* LaunchScreen.storyboard in Resources */,
				AE23CB431E77A79900A808F5 /* Assets.xcassets in Resources */,
				AE23CB531E77A80700A808F5 /* plane.png in Resources */,
				AE23CB511E77A80400A808F5 /* bg.jpg in Resources */,
				AE23CB411E77A79900A808F5 /* Main.storyboard in Resources */,
			);
			runOnlyForDeploymentPostprocessing = 0;
		};
/* End PBXResourcesBuildPhase section */

/* Begin PBXSourcesBuildPhase section */
		AE23CB2A1E77A79900A808F5 /* Sources */ = {
			isa = PBXSourcesBuildPhase;
			buildActionMask = 2147483647;
			files = (
				AE23CB3E1E77A79900A808F5 /* GameViewController.m in Sources */,
				AE23CB361E77A79900A808F5 /* AppDelegate.m in Sources */,
				AE23CB4F1E77A7C400A808F5 /* GameScene.m in Sources */,
				AE23CB331E77A79900A808F5 /* main.m in Sources */,
			);
			runOnlyForDeploymentPostprocessing = 0;
		};
/* End PBXSourcesBuildPhase section */

/* Begin PBXVariantGroup section */
		AE23CB3F1E77A79900A808F5 /* Main.storyboard */ = {
			isa = PBXVariantGroup;
			children = (
				AE23CB401E77A79900A808F5 /* Base */,
			);
			name = Main.storyboard;
			sourceTree = "<group>";
		};
		AE23CB441E77A79900A808F5 /* LaunchScreen.storyboard */ = {
			isa = PBXVariantGroup;
			children = (
				AE23CB451E77A79900A808F5 /* Base */,
			);
			name = LaunchScreen.storyboard;
			sourceTree = "<group>";
		};
/* End PBXVariantGroup section */

/* Begin XCBuildConfiguration section */
		AE23CB481E77A79A00A808F5 /* Debug */ = {
			isa = XCBuildConfiguration;
			buildSettings = {
				ALWAYS_SEARCH_USER_PATHS = NO;
				CLANG_ANALYZER_NONNULL = YES;
				CLANG_CXX_LANGUAGE_STANDARD = "gnu++0x";
				CLANG_CXX_LIBRARY = "libc++";
				CLANG_ENABLE_MODULES = YES;
				CLANG_ENABLE_OBJC_ARC = YES;
				CLANG_WARN_BOOL_CONVERSION = YES;
				CLANG_WARN_CONSTANT_CONVERSION = YES;
				CLANG_WARN_DIRECT_OBJC_ISA_USAGE = YES_ERROR;
				CLANG_WARN_EMPTY_BODY = YES;
				CLANG_WARN_ENUM_CONVERSION = YES;
				CLANG_WARN_INT_CONVERSION = YES;
				CLANG_WARN_OBJC_ROOT_CLASS = YES_ERROR;
				CLANG_WARN_UNREACHABLE_CODE = YES;
				CLANG_WARN__DUPLICATE_METHOD_MATCH = YES;
				"CODE_SIGN_IDENTITY[sdk=iphoneos*]" = "iPhone Developer";
				COPY_PHASE_STRIP = NO;
				DEBUG_INFORMATION_FORMAT = "dwarf-with-dsym";
				ENABLE_STRICT_OBJC_MSGSEND = YES;
				ENABLE_TESTABILITY = YES;
				GCC_C_LANGUAGE_STANDARD = gnu99;
				GCC_DYNAMIC_NO_PIC = NO;
				GCC_NO_COMMON_BLOCKS = YES;
				GCC_OPTIMIZATION_LEVEL = 0;
				GCC_PREPROCESSOR_DEFINITIONS = (
					"DEBUG=1",
					"$(inherited)",
				);
				GCC_WARN_64_TO_32_BIT_CONVERSION = YES;
				GCC_WARN_ABOUT_RETURN_TYPE = YES_ERROR;
				GCC_WARN_UNDECLARED_SELECTOR = YES;
				GCC_WARN_UNINITIALIZED_AUTOS = YES_AGGRESSIVE;
				GCC_WARN_UNUSED_FUNCTION = YES;
				GCC_WARN_UNUSED_VARIABLE = YES;
				IPHONEOS_DEPLOYMENT_TARGET = 9.3;
				MTL_ENABLE_DEBUG_INFO = YES;
				ONLY_ACTIVE_ARCH = YES;
				SDKROOT = iphoneos;
			};
			name = Debug;
		};
		AE23CB491E77A79A00A808F5 /* Release */ = {
			isa = XCBuildConfiguration;
			buildSettings = {
				ALWAYS_SEARCH_USER_PATHS = NO;
				CLANG_ANALYZER_NONNULL = YES;
				CLANG_CXX_LANGUAGE_STANDARD = "gnu++0x";
				CLANG_CXX_LIBRARY = "libc++";
				CLANG_ENABLE_MODULES = YES;
				CLANG_ENABLE_OBJC_ARC = YES;
				CLANG_WARN_BOOL_CONVERSION = YES;
				CLANG_WARN_CONSTANT_CONVERSION = YES;
				CLANG_WARN_DIRECT_OBJC_ISA_USAGE = YES_ERROR;
				CLANG_WARN_EMPTY_BODY = YES;
				CLANG_WARN_ENUM_CONVERSION = YES;
				CLANG_WARN_INT_CONVERSION = YES;
				CLANG_WARN_OBJC_ROOT_CLASS = YES_ERROR;
				CLANG_WARN_UNREACHABLE_CODE = YES;
				CLANG_WARN__DUPLICATE_METHOD_MATCH = YES;
				"CODE_SIGN_IDENTITY[sdk=iphoneos*]" = "iPhone Developer";
				COPY_PHASE_STRIP = NO;
				DEBUG_INFORMATION_FORMAT = "dwarf-with-dsym";
				ENABLE_NS_ASSERTIONS = NO;
				ENABLE_STRICT_OBJC_MSGSEND = YES;
				GCC_C_LANGUAGE_STANDARD = gnu99;
				GCC_NO_COMMON_BLOCKS = YES;
				GCC_WARN_64_TO_32_BIT_CONVERSION = YES;
				GCC_WARN_ABOUT_RETURN_TYPE = YES_ERROR;
				GCC_WARN_UNDECLARED_SELECTOR = YES;
				GCC_WARN_UNINITIALIZED_AUTOS = YES_AGGRESSIVE;
				GCC_WARN_UNUSED_FUNCTION = YES;
				GCC_WARN_UNUSED_VARIABLE = YES;
				IPHONEOS_DEPLOYMENT_TARGET = 9.3;
				MTL_ENABLE_DEBUG_INFO = NO;
				SDKROOT = iphoneos;
				VALIDATE_PRODUCT = YES;
			};
			name = Release;
		};
		AE23CB4B1E77A79A00A808F5 /* Debug */ = {
			isa = XCBuildConfiguration;
			buildSettings = {
				ASSETCATALOG_COMPILER_APPICON_NAME = AppIcon;
				INFOPLIST_FILE = "SKAction-03/Info.plist";
				LD_RUNPATH_SEARCH_PATHS = "$(inherited) @executable_path/Frameworks";
				PRODUCT_BUNDLE_IDENTIFIER = "cn.edu.abc.SKAction-03";
				PRODUCT_NAME = "$(TARGET_NAME)";
			};
			name = Debug;
		};
		AE23CB4C1E77A79A00A808F5 /* Release */ = {
			isa = XCBuildConfiguration;
			buildSettings = {
				ASSETCATALOG_COMPILER_APPICON_NAME = AppIcon;
				INFOPLIST_FILE = "SKAction-03/Info.plist";
				LD_RUNPATH_SEARCH_PATHS = "$(inherited) @executable_path/Frameworks";
				PRODUCT_BUNDLE_IDENTIFIER = "cn.edu.abc.SKAction-03";
				PRODUCT_NAME = "$(TARGET_NAME)";
			};
			name = Release;
		};
/* End XCBuildConfiguration section */

/* Begin XCConfigurationList section */
		AE23CB291E77A79900A808F5 /* Build configuration list for PBXProject "SKAction-03" */ = {
			isa = XCConfigurationList;
			buildConfigurations = (
				AE23CB481E77A79A00A808F5 /* Debug */,
				AE23CB491E77A79A00A808F5 /* Release */,
			);
			defaultConfigurationIsVisible = 0;
			defaultConfigurationName = Release;
		};
		AE23CB4A1E77A79A00A808F5 /* Build configuration list for PBXNativeTarget "SKAction-03" */ = {
			isa = XCConfigurationList;
			buildConfigurations = (
				AE23CB4B1E77A79A00A808F5 /* Debug */,
				AE23CB4C1E77A79A00A808F5 /* Release */,
			);
			defaultConfigurationIsVisible = 0;
		};
/* End XCConfigurationList section */
	};
	rootObject = AE23CB261E77A79900A808F5 /* Project object */;
}
