// !$*UTF8*$!
{
	archiveVersion = 1;
	classes = {
	};
	objectVersion = 46;
	objects = {

/* Begin PBXBuildFile section */
		AE2BF0AA1E71103200875E49 /* main.m in Sources */ = {isa = PBXBuildFile; fileRef = AE2BF0A91E71103200875E49 /* main.m */; };
		AE2BF0AD1E71103200875E49 /* AppDelegate.m in Sources */ = {isa = PBXBuildFile; fileRef = AE2BF0AC1E71103200875E49 /* AppDelegate.m */; };
		AE2BF0B51E71103200875E49 /* GameViewController.m in Sources */ = {isa = PBXBuildFile; fileRef = AE2BF0B41E71103200875E49 /* GameViewController.m */; };
		AE2BF0B81E71103200875E49 /* Main.storyboard in Resources */ = {isa = PBXBuildFile; fileRef = AE2BF0B61E71103200875E49 /* Main.storyboard */; };
		AE2BF0BA1E71103200875E49 /* Assets.xcassets in Resources */ = {isa = PBXBuildFile; fileRef = AE2BF0B91E71103200875E49 /* Assets.xcassets */; };
		AE2BF0BD1E71103200875E49 /* LaunchScreen.storyboard in Resources */ = {isa = PBXBuildFile; fileRef = AE2BF0BB1E71103200875E49 /* LaunchScreen.storyboard */; };
		AE2BF0C61E71106F00875E49 /* GameScene.m in Sources */ = {isa = PBXBuildFile; fileRef = AE2BF0C51E71106F00875E49 /* GameScene.m */; };
		AE2BF0C81E7110C700875E49 /* bg.jpg in Resources */ = {isa = PBXBuildFile; fileRef = AE2BF0C71E7110C700875E49 /* bg.jpg */; };
		AE2BF0CA1E7110CD00875E49 /* plane.png in Resources */ = {isa = PBXBuildFile; fileRef = AE2BF0C91E7110CD00875E49 /* plane.png */; };
/* End PBXBuildFile section */

/* Begin PBXFileReference section */
		AE2BF0A51E71103200875E49 /* SKAction-02.app */ = {isa = PBXFileReference; explicitFileType = wrapper.application; includeInIndex = 0; path = "SKAction-02.app"; sourceTree = BUILT_PRODUCTS_DIR; };
		AE2BF0A91E71103200875E49 /* main.m */ = {isa = PBXFileReference; lastKnownFileType = sourcecode.c.objc; path = main.m; sourceTree = "<group>"; };
		AE2BF0AB1E71103200875E49 /* AppDelegate.h */ = {isa = PBXFileReference; lastKnownFileType = sourcecode.c.h; path = AppDelegate.h; sourceTree = "<group>"; };
		AE2BF0AC1E71103200875E49 /* AppDelegate.m */ = {isa = PBXFileReference; lastKnownFileType = sourcecode.c.objc; path = AppDelegate.m; sourceTree = "<group>"; };
		AE2BF0B31E71103200875E49 /* GameViewController.h */ = {isa = PBXFileReference; lastKnownFileType = sourcecode.c.h; path = GameViewController.h; sourceTree = "<group>"; };
		AE2BF0B41E71103200875E49 /* GameViewController.m */ = {isa = PBXFileReference; lastKnownFileType = sourcecode.c.objc; path = GameViewController.m; sourceTree = "<group>"; };
		AE2BF0B71E71103200875E49 /* Base */ = {isa = PBXFileReference; lastKnownFileType = file.storyboard; name = Base; path = Base.lproj/Main.storyboard; sourceTree = "<group>"; };
		AE2BF0B91E71103200875E49 /* Assets.xcassets */ = {isa = PBXFileReference; lastKnownFileType = folder.assetcatalog; path = Assets.xcassets; sourceTree = "<group>"; };
		AE2BF0BC1E71103200875E49 /* Base */ = {isa = PBXFileReference; lastKnownFileType = file.storyboard; name = Base; path = Base.lproj/LaunchScreen.storyboard; sourceTree = "<group>"; };
		AE2BF0BE1E71103200875E49 /* Info.plist */ = {isa = PBXFileReference; lastKnownFileType = text.plist.xml; path = Info.plist; sourceTree = "<group>"; };
		AE2BF0C41E71106F00875E49 /* GameScene.h */ = {isa = PBXFileReference; fileEncoding = 4; lastKnownFileType = sourcecode.c.h; path = GameScene.h; sourceTree = "<group>"; };
		AE2BF0C51E71106F00875E49 /* GameScene.m */ = {isa = PBXFileReference; fileEncoding = 4; lastKnownFileType = sourcecode.c.objc; path = GameScene.m; sourceTree = "<group>"; };
		AE2BF0C71E7110C700875E49 /* bg.jpg */ = {isa = PBXFileReference; lastKnownFileType = image.jpeg; path = bg.jpg; sourceTree = "<group>"; };
		AE2BF0C91E7110CD00875E49 /* plane.png */ = {isa = PBXFileReference; lastKnownFileType = image.png; path = plane.png; sourceTree = "<group>"; };
/* End PBXFileReference section */

/* Begin PBXFrameworksBuildPhase section */
		AE2BF0A21E71103200875E49 /* Frameworks */ = {
			isa = PBXFrameworksBuildPhase;
			buildActionMask = 2147483647;
			files = (
			);
			runOnlyForDeploymentPostprocessing = 0;
		};
/* End PBXFrameworksBuildPhase section */

/* Begin PBXGroup section */
		AE2BF09C1E71103100875E49 = {
			isa = PBXGroup;
			children = (
				AE2BF0A71E71103200875E49 /* SKAction-02 */,
				AE2BF0A61E71103200875E49 /* Products */,
			);
			sourceTree = "<group>";
		};
		AE2BF0A61E71103200875E49 /* Products */ = {
			isa = PBXGroup;
			children = (
				AE2BF0A51E71103200875E49 /* SKAction-02.app */,
			);
			name = Products;
			sourceTree = "<group>";
		};
		AE2BF0A71E71103200875E49 /* SKAction-02 */ = {
			isa = PBXGroup;
			children = (
				AE2BF0C91E7110CD00875E49 /* plane.png */,
				AE2BF0C71E7110C700875E49 /* bg.jpg */,
				AE2BF0C41E71106F00875E49 /* GameScene.h */,
				AE2BF0C51E71106F00875E49 /* GameScene.m */,
				AE2BF0AB1E71103200875E49 /* AppDelegate.h */,
				AE2BF0AC1E71103200875E49 /* AppDelegate.m */,
				AE2BF0B31E71103200875E49 /* GameViewController.h */,
				AE2BF0B41E71103200875E49 /* GameViewController.m */,
				AE2BF0B61E71103200875E49 /* Main.storyboard */,
				AE2BF0B91E71103200875E49 /* Assets.xcassets */,
				AE2BF0BB1E71103200875E49 /* LaunchScreen.storyboard */,
				AE2BF0BE1E71103200875E49 /* Info.plist */,
				AE2BF0A81E71103200875E49 /* Supporting Files */,
			);
			path = "SKAction-02";
			sourceTree = "<group>";
		};
		AE2BF0A81E71103200875E49 /* Supporting Files */ = {
			isa = PBXGroup;
			children = (
				AE2BF0A91E71103200875E49 /* main.m */,
			);
			name = "Supporting Files";
			sourceTree = "<group>";
		};
/* End PBXGroup section */

/* Begin PBXNativeTarget section */
		AE2BF0A41E71103200875E49 /* SKAction-02 */ = {
			isa = PBXNativeTarget;
			buildConfigurationList = AE2BF0C11E71103200875E49 /* Build configuration list for PBXNativeTarget "SKAction-02" */;
			buildPhases = (
				AE2BF0A11E71103200875E49 /* Sources */,
				AE2BF0A21E71103200875E49 /* Frameworks */,
				AE2BF0A31E71103200875E49 /* Resources */,
			);
			buildRules = (
			);
			dependencies = (
			);
			name = "SKAction-02";
			productName = "SKAction-02";
			productReference = AE2BF0A51E71103200875E49 /* SKAction-02.app */;
			productType = "com.apple.product-type.application";
		};
/* End PBXNativeTarget section */

/* Begin PBXProject section */
		AE2BF09D1E71103100875E49 /* Project object */ = {
			isa = PBXProject;
			attributes = {
				LastUpgradeCheck = 0730;
				ORGANIZATIONNAME = "安徽商贸职业技术学院";
				TargetAttributes = {
					AE2BF0A41E71103200875E49 = {
						CreatedOnToolsVersion = 7.3.1;
					};
				};
			};
			buildConfigurationList = AE2BF0A01E71103100875E49 /* Build configuration list for PBXProject "SKAction-02" */;
			compatibilityVersion = "Xcode 3.2";
			developmentRegion = English;
			hasScannedForEncodings = 0;
			knownRegions = (
				en,
				Base,
			);
			mainGroup = AE2BF09C1E71103100875E49;
			productRefGroup = AE2BF0A61E71103200875E49 /* Products */;
			projectDirPath = "";
			projectRoot = "";
			targets = (
				AE2BF0A41E71103200875E49 /* SKAction-02 */,
			);
		};
/* End PBXProject section */

/* Begin PBXResourcesBuildPhase section */
		AE2BF0A31E71103200875E49 /* Resources */ = {
			isa = PBXResourcesBuildPhase;
			buildActionMask = 2147483647;
			files = (
				AE2BF0BD1E71103200875E49 /* LaunchScreen.storyboard in Resources */,
				AE2BF0BA1E71103200875E49 /* Assets.xcassets in Resources */,
				AE2BF0CA1E7110CD00875E49 /* plane.png in Resources */,
				AE2BF0C81E7110C700875E49 /* bg.jpg in Resources */,
				AE2BF0B81E71103200875E49 /* Main.storyboard in Resources */,
			);
			runOnlyForDeploymentPostprocessing = 0;
		};
/* End PBXResourcesBuildPhase section */

/* Begin PBXSourcesBuildPhase section */
		AE2BF0A11E71103200875E49 /* Sources */ = {
			isa = PBXSourcesBuildPhase;
			buildActionMask = 2147483647;
			files = (
				AE2BF0B51E71103200875E49 /* GameViewController.m in Sources */,
				AE2BF0AD1E71103200875E49 /* AppDelegate.m in Sources */,
				AE2BF0C61E71106F00875E49 /* GameScene.m in Sources */,
				AE2BF0AA1E71103200875E49 /* main.m in Sources */,
			);
			runOnlyForDeploymentPostprocessing = 0;
		};
/* End PBXSourcesBuildPhase section */

/* Begin PBXVariantGroup section */
		AE2BF0B61E71103200875E49 /* Main.storyboard */ = {
			isa = PBXVariantGroup;
			children = (
				AE2BF0B71E71103200875E49 /* Base */,
			);
			name = Main.storyboard;
			sourceTree = "<group>";
		};
		AE2BF0BB1E71103200875E49 /* LaunchScreen.storyboard */ = {
			isa = PBXVariantGroup;
			children = (
				AE2BF0BC1E71103200875E49 /* Base */,
			);
			name = LaunchScreen.storyboard;
			sourceTree = "<group>";
		};
/* End PBXVariantGroup section */

/* Begin XCBuildConfiguration section */
		AE2BF0BF1E71103200875E49 /* Debug */ = {
			isa = XCBuildConfiguration;
			buildSettings = {
				ALWAYS_SEARCH_USER_PATHS = NO;
				CLANG_ANALYZER_NONNULL = YES;
				CLANG_CXX_LANGUAGE_STANDARD = "gnu++0x";
				CLANG_CXX_LIBRARY = "libc++";
				CLANG_ENABLE_MODULES = YES;
				CLANG_ENABLE_OBJC_ARC = YES;
				CLANG_WARN_BOOL_CONVERSION = YES;
				CLANG_WARN_CONSTANT_CONVERSION = YES;
				CLANG_WARN_DIRECT_OBJC_ISA_USAGE = YES_ERROR;
				CLANG_WARN_EMPTY_BODY = YES;
				CLANG_WARN_ENUM_CONVERSION = YES;
				CLANG_WARN_INT_CONVERSION = YES;
				CLANG_WARN_OBJC_ROOT_CLASS = YES_ERROR;
				CLANG_WARN_UNREACHABLE_CODE = YES;
				CLANG_WARN__DUPLICATE_METHOD_MATCH = YES;
				"CODE_SIGN_IDENTITY[sdk=iphoneos*]" = "iPhone Developer";
				COPY_PHASE_STRIP = NO;
				DEBUG_INFORMATION_FORMAT = "dwarf-with-dsym";
				ENABLE_STRICT_OBJC_MSGSEND = YES;
				ENABLE_TESTABILITY = YES;
				GCC_C_LANGUAGE_STANDARD = gnu99;
				GCC_DYNAMIC_NO_PIC = NO;
				GCC_NO_COMMON_BLOCKS = YES;
				GCC_OPTIMIZATION_LEVEL = 0;
				GCC_PREPROCESSOR_DEFINITIONS = (
					"DEBUG=1",
					"$(inherited)",
				);
				GCC_WARN_64_TO_32_BIT_CONVERSION = YES;
				GCC_WARN_ABOUT_RETURN_TYPE = YES_ERROR;
				GCC_WARN_UNDECLARED_SELECTOR = YES;
				GCC_WARN_UNINITIALIZED_AUTOS = YES_AGGRESSIVE;
				GCC_WARN_UNUSED_FUNCTION = YES;
				GCC_WARN_UNUSED_VARIABLE = YES;
				IPHONEOS_DEPLOYMENT_TARGET = 9.3;
				MTL_ENABLE_DEBUG_INFO = YES;
				ONLY_ACTIVE_ARCH = YES;
				SDKROOT = iphoneos;
			};
			name = Debug;
		};
		AE2BF0C01E71103200875E49 /* Release */ = {
			isa = XCBuildConfiguration;
			buildSettings = {
				ALWAYS_SEARCH_USER_PATHS = NO;
				CLANG_ANALYZER_NONNULL = YES;
				CLANG_CXX_LANGUAGE_STANDARD = "gnu++0x";
				CLANG_CXX_LIBRARY = "libc++";
				CLANG_ENABLE_MODULES = YES;
				CLANG_ENABLE_OBJC_ARC = YES;
				CLANG_WARN_BOOL_CONVERSION = YES;
				CLANG_WARN_CONSTANT_CONVERSION = YES;
				CLANG_WARN_DIRECT_OBJC_ISA_USAGE = YES_ERROR;
				CLANG_WARN_EMPTY_BODY = YES;
				CLANG_WARN_ENUM_CONVERSION = YES;
				CLANG_WARN_INT_CONVERSION = YES;
				CLANG_WARN_OBJC_ROOT_CLASS = YES_ERROR;
				CLANG_WARN_UNREACHABLE_CODE = YES;
				CLANG_WARN__DUPLICATE_METHOD_MATCH = YES;
				"CODE_SIGN_IDENTITY[sdk=iphoneos*]" = "iPhone Developer";
				COPY_PHASE_STRIP = NO;
				DEBUG_INFORMATION_FORMAT = "dwarf-with-dsym";
				ENABLE_NS_ASSERTIONS = NO;
				ENABLE_STRICT_OBJC_MSGSEND = YES;
				GCC_C_LANGUAGE_STANDARD = gnu99;
				GCC_NO_COMMON_BLOCKS = YES;
				GCC_WARN_64_TO_32_BIT_CONVERSION = YES;
				GCC_WARN_ABOUT_RETURN_TYPE = YES_ERROR;
				GCC_WARN_UNDECLARED_SELECTOR = YES;
				GCC_WARN_UNINITIALIZED_AUTOS = YES_AGGRESSIVE;
				GCC_WARN_UNUSED_FUNCTION = YES;
				GCC_WARN_UNUSED_VARIABLE = YES;
				IPHONEOS_DEPLOYMENT_TARGET = 9.3;
				MTL_ENABLE_DEBUG_INFO = NO;
				SDKROOT = iphoneos;
				VALIDATE_PRODUCT = YES;
			};
			name = Release;
		};
		AE2BF0C21E71103200875E49 /* Debug */ = {
			isa = XCBuildConfiguration;
			buildSettings = {
				ASSETCATALOG_COMPILER_APPICON_NAME = AppIcon;
				INFOPLIST_FILE = "SKAction-02/Info.plist";
				LD_RUNPATH_SEARCH_PATHS = "$(inherited) @executable_path/Frameworks";
				PRODUCT_BUNDLE_IDENTIFIER = "cn.edu.abc.SKAction-02";
				PRODUCT_NAME = "$(TARGET_NAME)";
			};
			name = Debug;
		};
		AE2BF0C31E71103200875E49 /* Release */ = {
			isa = XCBuildConfiguration;
			buildSettings = {
				ASSETCATALOG_COMPILER_APPICON_NAME = AppIcon;
				INFOPLIST_FILE = "SKAction-02/Info.plist";
				LD_RUNPATH_SEARCH_PATHS = "$(inherited) @executable_path/Frameworks";
				PRODUCT_BUNDLE_IDENTIFIER = "cn.edu.abc.SKAction-02";
				PRODUCT_NAME = "$(TARGET_NAME)";
			};
			name = Release;
		};
/* End XCBuildConfiguration section */

/* Begin XCConfigurationList section */
		AE2BF0A01E71103100875E49 /* Build configuration list for PBXProject "SKAction-02" */ = {
			isa = XCConfigurationList;
			buildConfigurations = (
				AE2BF0BF1E71103200875E49 /* Debug */,
				AE2BF0C01E71103200875E49 /* Release */,
			);
			defaultConfigurationIsVisible = 0;
			defaultConfigurationName = Release;
		};
		AE2BF0C11E71103200875E49 /* Build configuration list for PBXNativeTarget "SKAction-02" */ = {
			isa = XCConfigurationList;
			buildConfigurations = (
				AE2BF0C21E71103200875E49 /* Debug */,
				AE2BF0C31E71103200875E49 /* Release */,
			);
			defaultConfigurationIsVisible = 0;
		};
/* End XCConfigurationList section */
	};
	rootObject = AE2BF09D1E71103100875E49 /* Project object */;
}
