// !$*UTF8*$!
{
	archiveVersion = 1;
	classes = {
	};
	objectVersion = 46;
	objects = {

/* Begin PBXBuildFile section */
		AE464FCD1E8CC0A1006E8EEC /* main.m in Sources */ = {isa = PBXBuildFile; fileRef = AE464FCC1E8CC0A1006E8EEC /* main.m */; };
		AE464FD01E8CC0A1006E8EEC /* AppDelegate.m in Sources */ = {isa = PBXBuildFile; fileRef = AE464FCF1E8CC0A1006E8EEC /* AppDelegate.m */; };
		AE464FDB1E8CC0A2006E8EEC /* Main.storyboard in Resources */ = {isa = PBXBuildFile; fileRef = AE464FD91E8CC0A2006E8EEC /* Main.storyboard */; };
		AE464FDD1E8CC0A2006E8EEC /* Assets.xcassets in Resources */ = {isa = PBXBuildFile; fileRef = AE464FDC1E8CC0A2006E8EEC /* Assets.xcassets */; };
		AE464FE01E8CC0A2006E8EEC /* LaunchScreen.storyboard in Resources */ = {isa = PBXBuildFile; fileRef = AE464FDE1E8CC0A2006E8EEC /* LaunchScreen.storyboard */; };
		AE464FED1E8CC0BE006E8EEC /* bg.jpg in Resources */ = {isa = PBXBuildFile; fileRef = AE464FE71E8CC0BE006E8EEC /* bg.jpg */; };
		AE464FEE1E8CC0BE006E8EEC /* GameScene.m in Sources */ = {isa = PBXBuildFile; fileRef = AE464FE91E8CC0BE006E8EEC /* GameScene.m */; };
		AE464FEF1E8CC0BE006E8EEC /* GameViewController.m in Sources */ = {isa = PBXBuildFile; fileRef = AE464FEB1E8CC0BE006E8EEC /* GameViewController.m */; };
		AE464FF01E8CC0BE006E8EEC /* plane.png in Resources */ = {isa = PBXBuildFile; fileRef = AE464FEC1E8CC0BE006E8EEC /* plane.png */; };
/* End PBXBuildFile section */

/* Begin PBXFileReference section */
		AE464FC81E8CC0A1006E8EEC /* 拖动.app */ = {isa = PBXFileReference; explicitFileType = wrapper.application; includeInIndex = 0; path = "拖动.app"; sourceTree = BUILT_PRODUCTS_DIR; };
		AE464FCC1E8CC0A1006E8EEC /* main.m */ = {isa = PBXFileReference; lastKnownFileType = sourcecode.c.objc; path = main.m; sourceTree = "<group>"; };
		AE464FCE1E8CC0A1006E8EEC /* AppDelegate.h */ = {isa = PBXFileReference; lastKnownFileType = sourcecode.c.h; path = AppDelegate.h; sourceTree = "<group>"; };
		AE464FCF1E8CC0A1006E8EEC /* AppDelegate.m */ = {isa = PBXFileReference; lastKnownFileType = sourcecode.c.objc; path = AppDelegate.m; sourceTree = "<group>"; };
		AE464FDA1E8CC0A2006E8EEC /* Base */ = {isa = PBXFileReference; lastKnownFileType = file.storyboard; name = Base; path = Base.lproj/Main.storyboard; sourceTree = "<group>"; };
		AE464FDC1E8CC0A2006E8EEC /* Assets.xcassets */ = {isa = PBXFileReference; lastKnownFileType = folder.assetcatalog; path = Assets.xcassets; sourceTree = "<group>"; };
		AE464FDF1E8CC0A2006E8EEC /* Base */ = {isa = PBXFileReference; lastKnownFileType = file.storyboard; name = Base; path = Base.lproj/LaunchScreen.storyboard; sourceTree = "<group>"; };
		AE464FE11E8CC0A2006E8EEC /* Info.plist */ = {isa = PBXFileReference; lastKnownFileType = text.plist.xml; path = Info.plist; sourceTree = "<group>"; };
		AE464FE71E8CC0BE006E8EEC /* bg.jpg */ = {isa = PBXFileReference; lastKnownFileType = image.jpeg; path = bg.jpg; sourceTree = "<group>"; };
		AE464FE81E8CC0BE006E8EEC /* GameScene.h */ = {isa = PBXFileReference; fileEncoding = 4; lastKnownFileType = sourcecode.c.h; path = GameScene.h; sourceTree = "<group>"; };
		AE464FE91E8CC0BE006E8EEC /* GameScene.m */ = {isa = PBXFileReference; fileEncoding = 4; lastKnownFileType = sourcecode.c.objc; path = GameScene.m; sourceTree = "<group>"; };
		AE464FEA1E8CC0BE006E8EEC /* GameViewController.h */ = {isa = PBXFileReference; fileEncoding = 4; lastKnownFileType = sourcecode.c.h; path = GameViewController.h; sourceTree = "<group>"; };
		AE464FEB1E8CC0BE006E8EEC /* GameViewController.m */ = {isa = PBXFileReference; fileEncoding = 4; lastKnownFileType = sourcecode.c.objc; path = GameViewController.m; sourceTree = "<group>"; };
		AE464FEC1E8CC0BE006E8EEC /* plane.png */ = {isa = PBXFileReference; lastKnownFileType = image.png; path = plane.png; sourceTree = "<group>"; };
/* End PBXFileReference section */

/* Begin PBXFrameworksBuildPhase section */
		AE464FC51E8CC0A1006E8EEC /* Frameworks */ = {
			isa = PBXFrameworksBuildPhase;
			buildActionMask = 2147483647;
			files = (
			);
			runOnlyForDeploymentPostprocessing = 0;
		};
/* End PBXFrameworksBuildPhase section */

/* Begin PBXGroup section */
		AE464FBF1E8CC0A1006E8EEC = {
			isa = PBXGroup;
			children = (
				AE464FCA1E8CC0A1006E8EEC /* 拖动 */,
				AE464FC91E8CC0A1006E8EEC /* Products */,
			);
			sourceTree = "<group>";
		};
		AE464FC91E8CC0A1006E8EEC /* Products */ = {
			isa = PBXGroup;
			children = (
				AE464FC81E8CC0A1006E8EEC /* 拖动.app */,
			);
			name = Products;
			sourceTree = "<group>";
		};
		AE464FCA1E8CC0A1006E8EEC /* 拖动 */ = {
			isa = PBXGroup;
			children = (
				AE464FE71E8CC0BE006E8EEC /* bg.jpg */,
				AE464FE81E8CC0BE006E8EEC /* GameScene.h */,
				AE464FE91E8CC0BE006E8EEC /* GameScene.m */,
				AE464FEA1E8CC0BE006E8EEC /* GameViewController.h */,
				AE464FEB1E8CC0BE006E8EEC /* GameViewController.m */,
				AE464FEC1E8CC0BE006E8EEC /* plane.png */,
				AE464FCE1E8CC0A1006E8EEC /* AppDelegate.h */,
				AE464FCF1E8CC0A1006E8EEC /* AppDelegate.m */,
				AE464FD91E8CC0A2006E8EEC /* Main.storyboard */,
				AE464FDC1E8CC0A2006E8EEC /* Assets.xcassets */,
				AE464FDE1E8CC0A2006E8EEC /* LaunchScreen.storyboard */,
				AE464FE11E8CC0A2006E8EEC /* Info.plist */,
				AE464FCB1E8CC0A1006E8EEC /* Supporting Files */,
			);
			path = "拖动";
			sourceTree = "<group>";
		};
		AE464FCB1E8CC0A1006E8EEC /* Supporting Files */ = {
			isa = PBXGroup;
			children = (
				AE464FCC1E8CC0A1006E8EEC /* main.m */,
			);
			name = "Supporting Files";
			sourceTree = "<group>";
		};
/* End PBXGroup section */

/* Begin PBXNativeTarget section */
		AE464FC71E8CC0A1006E8EEC /* 拖动 */ = {
			isa = PBXNativeTarget;
			buildConfigurationList = AE464FE41E8CC0A2006E8EEC /* Build configuration list for PBXNativeTarget "拖动" */;
			buildPhases = (
				AE464FC41E8CC0A1006E8EEC /* Sources */,
				AE464FC51E8CC0A1006E8EEC /* Frameworks */,
				AE464FC61E8CC0A1006E8EEC /* Resources */,
			);
			buildRules = (
			);
			dependencies = (
			);
			name = "拖动";
			productName = "拖动";
			productReference = AE464FC81E8CC0A1006E8EEC /* 拖动.app */;
			productType = "com.apple.product-type.application";
		};
/* End PBXNativeTarget section */

/* Begin PBXProject section */
		AE464FC01E8CC0A1006E8EEC /* Project object */ = {
			isa = PBXProject;
			attributes = {
				LastUpgradeCheck = 0730;
				ORGANIZATIONNAME = "安徽商贸职业技术学院";
				TargetAttributes = {
					AE464FC71E8CC0A1006E8EEC = {
						CreatedOnToolsVersion = 7.3.1;
					};
				};
			};
			buildConfigurationList = AE464FC31E8CC0A1006E8EEC /* Build configuration list for PBXProject "拖动" */;
			compatibilityVersion = "Xcode 3.2";
			developmentRegion = English;
			hasScannedForEncodings = 0;
			knownRegions = (
				en,
				Base,
			);
			mainGroup = AE464FBF1E8CC0A1006E8EEC;
			productRefGroup = AE464FC91E8CC0A1006E8EEC /* Products */;
			projectDirPath = "";
			projectRoot = "";
			targets = (
				AE464FC71E8CC0A1006E8EEC /* 拖动 */,
			);
		};
/* End PBXProject section */

/* Begin PBXResourcesBuildPhase section */
		AE464FC61E8CC0A1006E8EEC /* Resources */ = {
			isa = PBXResourcesBuildPhase;
			buildActionMask = 2147483647;
			files = (
				AE464FE01E8CC0A2006E8EEC /* LaunchScreen.storyboard in Resources */,
				AE464FDD1E8CC0A2006E8EEC /* Assets.xcassets in Resources */,
				AE464FF01E8CC0BE006E8EEC /* plane.png in Resources */,
				AE464FED1E8CC0BE006E8EEC /* bg.jpg in Resources */,
				AE464FDB1E8CC0A2006E8EEC /* Main.storyboard in Resources */,
			);
			runOnlyForDeploymentPostprocessing = 0;
		};
/* End PBXResourcesBuildPhase section */

/* Begin PBXSourcesBuildPhase section */
		AE464FC41E8CC0A1006E8EEC /* Sources */ = {
			isa = PBXSourcesBuildPhase;
			buildActionMask = 2147483647;
			files = (
				AE464FEF1E8CC0BE006E8EEC /* GameViewController.m in Sources */,
				AE464FD01E8CC0A1006E8EEC /* AppDelegate.m in Sources */,
				AE464FEE1E8CC0BE006E8EEC /* GameScene.m in Sources */,
				AE464FCD1E8CC0A1006E8EEC /* main.m in Sources */,
			);
			runOnlyForDeploymentPostprocessing = 0;
		};
/* End PBXSourcesBuildPhase section */

/* Begin PBXVariantGroup section */
		AE464FD91E8CC0A2006E8EEC /* Main.storyboard */ = {
			isa = PBXVariantGroup;
			children = (
				AE464FDA1E8CC0A2006E8EEC /* Base */,
			);
			name = Main.storyboard;
			sourceTree = "<group>";
		};
		AE464FDE1E8CC0A2006E8EEC /* LaunchScreen.storyboard */ = {
			isa = PBXVariantGroup;
			children = (
				AE464FDF1E8CC0A2006E8EEC /* Base */,
			);
			name = LaunchScreen.storyboard;
			sourceTree = "<group>";
		};
/* End PBXVariantGroup section */

/* Begin XCBuildConfiguration section */
		AE464FE21E8CC0A2006E8EEC /* Debug */ = {
			isa = XCBuildConfiguration;
			buildSettings = {
				ALWAYS_SEARCH_USER_PATHS = NO;
				CLANG_ANALYZER_NONNULL = YES;
				CLANG_CXX_LANGUAGE_STANDARD = "gnu++0x";
				CLANG_CXX_LIBRARY = "libc++";
				CLANG_ENABLE_MODULES = YES;
				CLANG_ENABLE_OBJC_ARC = YES;
				CLANG_WARN_BOOL_CONVERSION = YES;
				CLANG_WARN_CONSTANT_CONVERSION = YES;
				CLANG_WARN_DIRECT_OBJC_ISA_USAGE = YES_ERROR;
				CLANG_WARN_EMPTY_BODY = YES;
				CLANG_WARN_ENUM_CONVERSION = YES;
				CLANG_WARN_INT_CONVERSION = YES;
				CLANG_WARN_OBJC_ROOT_CLASS = YES_ERROR;
				CLANG_WARN_UNREACHABLE_CODE = YES;
				CLANG_WARN__DUPLICATE_METHOD_MATCH = YES;
				"CODE_SIGN_IDENTITY[sdk=iphoneos*]" = "iPhone Developer";
				COPY_PHASE_STRIP = NO;
				DEBUG_INFORMATION_FORMAT = "dwarf-with-dsym";
				ENABLE_STRICT_OBJC_MSGSEND = YES;
				ENABLE_TESTABILITY = YES;
				GCC_C_LANGUAGE_STANDARD = gnu99;
				GCC_DYNAMIC_NO_PIC = NO;
				GCC_NO_COMMON_BLOCKS = YES;
				GCC_OPTIMIZATION_LEVEL = 0;
				GCC_PREPROCESSOR_DEFINITIONS = (
					"DEBUG=1",
					"$(inherited)",
				);
				GCC_WARN_64_TO_32_BIT_CONVERSION = YES;
				GCC_WARN_ABOUT_RETURN_TYPE = YES_ERROR;
				GCC_WARN_UNDECLARED_SELECTOR = YES;
				GCC_WARN_UNINITIALIZED_AUTOS = YES_AGGRESSIVE;
				GCC_WARN_UNUSED_FUNCTION = YES;
				GCC_WARN_UNUSED_VARIABLE = YES;
				IPHONEOS_DEPLOYMENT_TARGET = 9.3;
				MTL_ENABLE_DEBUG_INFO = YES;
				ONLY_ACTIVE_ARCH = YES;
				SDKROOT = iphoneos;
			};
			name = Debug;
		};
		AE464FE31E8CC0A2006E8EEC /* Release */ = {
			isa = XCBuildConfiguration;
			buildSettings = {
				ALWAYS_SEARCH_USER_PATHS = NO;
				CLANG_ANALYZER_NONNULL = YES;
				CLANG_CXX_LANGUAGE_STANDARD = "gnu++0x";
				CLANG_CXX_LIBRARY = "libc++";
				CLANG_ENABLE_MODULES = YES;
				CLANG_ENABLE_OBJC_ARC = YES;
				CLANG_WARN_BOOL_CONVERSION = YES;
				CLANG_WARN_CONSTANT_CONVERSION = YES;
				CLANG_WARN_DIRECT_OBJC_ISA_USAGE = YES_ERROR;
				CLANG_WARN_EMPTY_BODY = YES;
				CLANG_WARN_ENUM_CONVERSION = YES;
				CLANG_WARN_INT_CONVERSION = YES;
				CLANG_WARN_OBJC_ROOT_CLASS = YES_ERROR;
				CLANG_WARN_UNREACHABLE_CODE = YES;
				CLANG_WARN__DUPLICATE_METHOD_MATCH = YES;
				"CODE_SIGN_IDENTITY[sdk=iphoneos*]" = "iPhone Developer";
				COPY_PHASE_STRIP = NO;
				DEBUG_INFORMATION_FORMAT = "dwarf-with-dsym";
				ENABLE_NS_ASSERTIONS = NO;
				ENABLE_STRICT_OBJC_MSGSEND = YES;
				GCC_C_LANGUAGE_STANDARD = gnu99;
				GCC_NO_COMMON_BLOCKS = YES;
				GCC_WARN_64_TO_32_BIT_CONVERSION = YES;
				GCC_WARN_ABOUT_RETURN_TYPE = YES_ERROR;
				GCC_WARN_UNDECLARED_SELECTOR = YES;
				GCC_WARN_UNINITIALIZED_AUTOS = YES_AGGRESSIVE;
				GCC_WARN_UNUSED_FUNCTION = YES;
				GCC_WARN_UNUSED_VARIABLE = YES;
				IPHONEOS_DEPLOYMENT_TARGET = 9.3;
				MTL_ENABLE_DEBUG_INFO = NO;
				SDKROOT = iphoneos;
				VALIDATE_PRODUCT = YES;
			};
			name = Release;
		};
		AE464FE51E8CC0A2006E8EEC /* Debug */ = {
			isa = XCBuildConfiguration;
			buildSettings = {
				ASSETCATALOG_COMPILER_APPICON_NAME = AppIcon;
				INFOPLIST_FILE = "拖动/Info.plist";
				LD_RUNPATH_SEARCH_PATHS = "$(inherited) @executable_path/Frameworks";
				PRODUCT_BUNDLE_IDENTIFIER = "cn.edu.abc.--";
				PRODUCT_NAME = "$(TARGET_NAME)";
			};
			name = Debug;
		};
		AE464FE61E8CC0A2006E8EEC /* Release */ = {
			isa = XCBuildConfiguration;
			buildSettings = {
				ASSETCATALOG_COMPILER_APPICON_NAME = AppIcon;
				INFOPLIST_FILE = "拖动/Info.plist";
				LD_RUNPATH_SEARCH_PATHS = "$(inherited) @executable_path/Frameworks";
				PRODUCT_BUNDLE_IDENTIFIER = "cn.edu.abc.--";
				PRODUCT_NAME = "$(TARGET_NAME)";
			};
			name = Release;
		};
/* End XCBuildConfiguration section */

/* Begin XCConfigurationList section */
		AE464FC31E8CC0A1006E8EEC /* Build configuration list for PBXProject "拖动" */ = {
			isa = XCConfigurationList;
			buildConfigurations = (
				AE464FE21E8CC0A2006E8EEC /* Debug */,
				AE464FE31E8CC0A2006E8EEC /* Release */,
			);
			defaultConfigurationIsVisible = 0;
			defaultConfigurationName = Release;
		};
		AE464FE41E8CC0A2006E8EEC /* Build configuration list for PBXNativeTarget "拖动" */ = {
			isa = XCConfigurationList;
			buildConfigurations = (
				AE464FE51E8CC0A2006E8EEC /* Debug */,
				AE464FE61E8CC0A2006E8EEC /* Release */,
			);
			defaultConfigurationIsVisible = 0;
		};
/* End XCConfigurationList section */
	};
	rootObject = AE464FC01E8CC0A1006E8EEC /* Project object */;
}
